
Microsoft Visual Studio Solution File, Format Version 12.00
# Visual Studio Version 16
VisualStudioVersion = 16.0.30523.141
MinimumVisualStudioVersion = 10.0.40219.1
Project("{FAE04EC0-301F-11D3-BF4B-00C04F79EFBC}") = "FontAwesome.Sample.UWP", "FontAwesome.Sample\FontAwesome.Sample.UWP\FontAwesome.Sample.UWP.csproj", "{DF309D96-8628-406A-B165-D9CB1AE69ADE}"
EndProject
Project("{FAE04EC0-301F-11D3-BF4B-00C04F79EFBC}") = "FontAwesome.Sample.Android", "FontAwesome.Sample\FontAwesome.Sample.Android\FontAwesome.Sample.Android.csproj", "{BBF24D39-463C-4694-978E-716A481FF8BA}"
EndProject
Project("{FAE04EC0-301F-11D3-BF4B-00C04F79EFBC}") = "FontAwesome.Sample.iOS", "FontAwesome.Sample\FontAwesome.Sample.iOS\FontAwesome.Sample.iOS.csproj", "{879104F3-B64D-4B0E-B2D7-EE75C738EB3D}"
EndProject
Project("{9A19103F-16F7-4668-BE54-9A1E7A4F7556}") = "FontAwesome.Sample", "FontAwesome.Sample\FontAwesome.Sample\FontAwesome.Sample.csproj", "{21E24634-6B4C-429F-838A-E106063BAC1B}"
EndProject
Project("{2150E333-8FDC-42A3-9474-1A3956D46DE8}") = "Sample", "Sample", "{4F18DB31-5434-46BD-8697-8FA4224DBEBA}"
EndProject
Project("{9A19103F-16F7-4668-BE54-9A1E7A4F7556}") = "FontAwesome.Brand", "FontAwesome.Brand\FontAwesome.Brand.csproj", "{E5B1623E-2435-4E83-B6A3-BFDBED040F17}"
EndProject
Project("{9A19103F-16F7-4668-BE54-9A1E7A4F7556}") = "FontAwesome.Solid", "FontAwesome.Solid\FontAwesome.Solid.csproj", "{E301049B-C1E9-4E91-8E38-B6259DF047CB}"
EndProject
Project("{9A19103F-16F7-4668-BE54-9A1E7A4F7556}") = "FontAwesome.Regular", "FontAwesome.Regular\FontAwesome.Regular.csproj", "{0EC7C5B1-E2F7-48CF-BCEA-C1EAF4029C4F}"
EndProject
Global
	GlobalSection(SolutionConfigurationPlatforms) = preSolution
		Debug|Any CPU = Debug|Any CPU
		Debug|ARM = Debug|ARM
		Debug|iPhone = Debug|iPhone
		Debug|iPhoneSimulator = Debug|iPhoneSimulator
		Debug|x64 = Debug|x64
		Debug|x86 = Debug|x86
		Release|Any CPU = Release|Any CPU
		Release|ARM = Release|ARM
		Release|iPhone = Release|iPhone
		Release|iPhoneSimulator = Release|iPhoneSimulator
		Release|x64 = Release|x64
		Release|x86 = Release|x86
	EndGlobalSection
	GlobalSection(ProjectConfigurationPlatforms) = postSolution
		{DF309D96-8628-406A-B165-D9CB1AE69ADE}.Debug|Any CPU.ActiveCfg = Debug|x86
		{DF309D96-8628-406A-B165-D9CB1AE69ADE}.Debug|Any CPU.Build.0 = Debug|x86
		{DF309D96-8628-406A-B165-D9CB1AE69ADE}.Debug|Any CPU.Deploy.0 = Debug|x86
		{DF309D96-8628-406A-B165-D9CB1AE69ADE}.Debug|ARM.ActiveCfg = Debug|ARM
		{DF309D96-8628-406A-B165-D9CB1AE69ADE}.Debug|ARM.Build.0 = Debug|ARM
		{DF309D96-8628-406A-B165-D9CB1AE69ADE}.Debug|ARM.Deploy.0 = Debug|ARM
		{DF309D96-8628-406A-B165-D9CB1AE69ADE}.Debug|iPhone.ActiveCfg = Debug|x86
		{DF309D96-8628-406A-B165-D9CB1AE69ADE}.Debug|iPhone.Build.0 = Debug|x86
		{DF309D96-8628-406A-B165-D9CB1AE69ADE}.Debug|iPhone.Deploy.0 = Debug|x86
		{DF309D96-8628-406A-B165-D9CB1AE69ADE}.Debug|iPhoneSimulator.ActiveCfg = Debug|x86
		{DF309D96-8628-406A-B165-D9CB1AE69ADE}.Debug|iPhoneSimulator.Build.0 = Debug|x86
		{DF309D96-8628-406A-B165-D9CB1AE69ADE}.Debug|iPhoneSimulator.Deploy.0 = Debug|x86
		{DF309D96-8628-406A-B165-D9CB1AE69ADE}.Debug|x64.ActiveCfg = Debug|x64
		{DF309D96-8628-406A-B165-D9CB1AE69ADE}.Debug|x64.Build.0 = Debug|x64
		{DF309D96-8628-406A-B165-D9CB1AE69ADE}.Debug|x64.Deploy.0 = Debug|x64
		{DF309D96-8628-406A-B165-D9CB1AE69ADE}.Debug|x86.ActiveCfg = Debug|x86
		{DF309D96-8628-406A-B165-D9CB1AE69ADE}.Debug|x86.Build.0 = Debug|x86
		{DF309D96-8628-406A-B165-D9CB1AE69ADE}.Debug|x86.Deploy.0 = Debug|x86
		{DF309D96-8628-406A-B165-D9CB1AE69ADE}.Release|Any CPU.ActiveCfg = Release|x86
		{DF309D96-8628-406A-B165-D9CB1AE69ADE}.Release|Any CPU.Build.0 = Release|x86
		{DF309D96-8628-406A-B165-D9CB1AE69ADE}.Release|Any CPU.Deploy.0 = Release|x86
		{DF309D96-8628-406A-B165-D9CB1AE69ADE}.Release|ARM.ActiveCfg = Release|ARM
		{DF309D96-8628-406A-B165-D9CB1AE69ADE}.Release|ARM.Build.0 = Release|ARM
		{DF309D96-8628-406A-B165-D9CB1AE69ADE}.Release|ARM.Deploy.0 = Release|ARM
		{DF309D96-8628-406A-B165-D9CB1AE69ADE}.Release|iPhone.ActiveCfg = Release|x86
		{DF309D96-8628-406A-B165-D9CB1AE69ADE}.Release|iPhone.Build.0 = Release|x86
		{DF309D96-8628-406A-B165-D9CB1AE69ADE}.Release|iPhone.Deploy.0 = Release|x86
		{DF309D96-8628-406A-B165-D9CB1AE69ADE}.Release|iPhoneSimulator.ActiveCfg = Release|x86
		{DF309D96-8628-406A-B165-D9CB1AE69ADE}.Release|iPhoneSimulator.Build.0 = Release|x86
		{DF309D96-8628-406A-B165-D9CB1AE69ADE}.Release|iPhoneSimulator.Deploy.0 = Release|x86
		{DF309D96-8628-406A-B165-D9CB1AE69ADE}.Release|x64.ActiveCfg = Release|x64
		{DF309D96-8628-406A-B165-D9CB1AE69ADE}.Release|x64.Build.0 = Release|x64
		{DF309D96-8628-406A-B165-D9CB1AE69ADE}.Release|x64.Deploy.0 = Release|x64
		{DF309D96-8628-406A-B165-D9CB1AE69ADE}.Release|x86.ActiveCfg = Release|x86
		{DF309D96-8628-406A-B165-D9CB1AE69ADE}.Release|x86.Build.0 = Release|x86
		{DF309D96-8628-406A-B165-D9CB1AE69ADE}.Release|x86.Deploy.0 = Release|x86
		{BBF24D39-463C-4694-978E-716A481FF8BA}.Debug|Any CPU.ActiveCfg = Debug|Any CPU
		{BBF24D39-463C-4694-978E-716A481FF8BA}.Debug|Any CPU.Build.0 = Debug|Any CPU
		{BBF24D39-463C-4694-978E-716A481FF8BA}.Debug|Any CPU.Deploy.0 = Debug|Any CPU
		{BBF24D39-463C-4694-978E-716A481FF8BA}.Debug|ARM.ActiveCfg = Debug|Any CPU
		{BBF24D39-463C-4694-978E-716A481FF8BA}.Debug|ARM.Build.0 = Debug|Any CPU
		{BBF24D39-463C-4694-978E-716A481FF8BA}.Debug|ARM.Deploy.0 = Debug|Any CPU
		{BBF24D39-463C-4694-978E-716A481FF8BA}.Debug|iPhone.ActiveCfg = Debug|Any CPU
		{BBF24D39-463C-4694-978E-716A481FF8BA}.Debug|iPhone.Build.0 = Debug|Any CPU
		{BBF24D39-463C-4694-978E-716A481FF8BA}.Debug|iPhone.Deploy.0 = Debug|Any CPU
		{BBF24D39-463C-4694-978E-716A481FF8BA}.Debug|iPhoneSimulator.ActiveCfg = Debug|Any CPU
		{BBF24D39-463C-4694-978E-716A481FF8BA}.Debug|iPhoneSimulator.Build.0 = Debug|Any CPU
		{BBF24D39-463C-4694-978E-716A481FF8BA}.Debug|iPhoneSimulator.Deploy.0 = Debug|Any CPU
		{BBF24D39-463C-4694-978E-716A481FF8BA}.Debug|x64.ActiveCfg = Debug|Any CPU
		{BBF24D39-463C-4694-978E-716A481FF8BA}.Debug|x64.Build.0 = Debug|Any CPU
		{BBF24D39-463C-4694-978E-716A481FF8BA}.Debug|x64.Deploy.0 = Debug|Any CPU
		{BBF24D39-463C-4694-978E-716A481FF8BA}.Debug|x86.ActiveCfg = Debug|Any CPU
		{BBF24D39-463C-4694-978E-716A481FF8BA}.Debug|x86.Build.0 = Debug|Any CPU
		{BBF24D39-463C-4694-978E-716A481FF8BA}.Debug|x86.Deploy.0 = Debug|Any CPU
		{BBF24D39-463C-4694-978E-716A481FF8BA}.Release|Any CPU.ActiveCfg = Release|Any CPU
		{BBF24D39-463C-4694-978E-716A481FF8BA}.Release|Any CPU.Build.0 = Release|Any CPU
		{BBF24D39-463C-4694-978E-716A481FF8BA}.Release|Any CPU.Deploy.0 = Release|Any CPU
		{BBF24D39-463C-4694-978E-716A481FF8BA}.Release|ARM.ActiveCfg = Release|Any CPU
		{BBF24D39-463C-4694-978E-716A481FF8BA}.Release|ARM.Build.0 = Release|Any CPU
		{BBF24D39-463C-4694-978E-716A481FF8BA}.Release|ARM.Deploy.0 = Release|Any CPU
		{BBF24D39-463C-4694-978E-716A481FF8BA}.Release|iPhone.ActiveCfg = Release|Any CPU
		{BBF24D39-463C-4694-978E-716A481FF8BA}.Release|iPhone.Build.0 = Release|Any CPU
		{BBF24D39-463C-4694-978E-716A481FF8BA}.Release|iPhone.Deploy.0 = Release|Any CPU
		{BBF24D39-463C-4694-978E-716A481FF8BA}.Release|iPhoneSimulator.ActiveCfg = Release|Any CPU
		{BBF24D39-463C-4694-978E-716A481FF8BA}.Release|iPhoneSimulator.Build.0 = Release|Any CPU
		{BBF24D39-463C-4694-978E-716A481FF8BA}.Release|iPhoneSimulator.Deploy.0 = Release|Any CPU
		{BBF24D39-463C-4694-978E-716A481FF8BA}.Release|x64.ActiveCfg = Release|Any CPU
		{BBF24D39-463C-4694-978E-716A481FF8BA}.Release|x64.Build.0 = Release|Any CPU
		{BBF24D39-463C-4694-978E-716A481FF8BA}.Release|x64.Deploy.0 = Release|Any CPU
		{BBF24D39-463C-4694-978E-716A481FF8BA}.Release|x86.ActiveCfg = Release|Any CPU
		{BBF24D39-463C-4694-978E-716A481FF8BA}.Release|x86.Build.0 = Release|Any CPU
		{BBF24D39-463C-4694-978E-716A481FF8BA}.Release|x86.Deploy.0 = Release|Any CPU
		{879104F3-B64D-4B0E-B2D7-EE75C738EB3D}.Debug|Any CPU.ActiveCfg = Debug|iPhoneSimulator
		{879104F3-B64D-4B0E-B2D7-EE75C738EB3D}.Debug|Any CPU.Build.0 = Debug|iPhoneSimulator
		{879104F3-B64D-4B0E-B2D7-EE75C738EB3D}.Debug|Any CPU.Deploy.0 = Debug|iPhoneSimulator
		{879104F3-B64D-4B0E-B2D7-EE75C738EB3D}.Debug|ARM.ActiveCfg = Debug|iPhone
		{879104F3-B64D-4B0E-B2D7-EE75C738EB3D}.Debug|ARM.Build.0 = Debug|iPhone
		{879104F3-B64D-4B0E-B2D7-EE75C738EB3D}.Debug|ARM.Deploy.0 = Debug|iPhone
		{879104F3-B64D-4B0E-B2D7-EE75C738EB3D}.Debug|iPhone.ActiveCfg = Debug|iPhone
		{879104F3-B64D-4B0E-B2D7-EE75C738EB3D}.Debug|iPhone.Build.0 = Debug|iPhone
		{879104F3-B64D-4B0E-B2D7-EE75C738EB3D}.Debug|iPhone.Deploy.0 = Debug|iPhone
		{879104F3-B64D-4B0E-B2D7-EE75C738EB3D}.Debug|iPhoneSimulator.ActiveCfg = Debug|iPhoneSimulator
		{879104F3-B64D-4B0E-B2D7-EE75C738EB3D}.Debug|iPhoneSimulator.Build.0 = Debug|iPhoneSimulator
		{879104F3-B64D-4B0E-B2D7-EE75C738EB3D}.Debug|iPhoneSimulator.Deploy.0 = Debug|iPhoneSimulator
		{879104F3-B64D-4B0E-B2D7-EE75C738EB3D}.Debug|x64.ActiveCfg = Debug|iPhoneSimulator
		{879104F3-B64D-4B0E-B2D7-EE75C738EB3D}.Debug|x64.Build.0 = Debug|iPhoneSimulator
		{879104F3-B64D-4B0E-B2D7-EE75C738EB3D}.Debug|x64.Deploy.0 = Debug|iPhoneSimulator
		{879104F3-B64D-4B0E-B2D7-EE75C738EB3D}.Debug|x86.ActiveCfg = Debug|iPhoneSimulator
		{879104F3-B64D-4B0E-B2D7-EE75C738EB3D}.Debug|x86.Build.0 = Debug|iPhoneSimulator
		{879104F3-B64D-4B0E-B2D7-EE75C738EB3D}.Debug|x86.Deploy.0 = Debug|iPhoneSimulator
		{879104F3-B64D-4B0E-B2D7-EE75C738EB3D}.Release|Any CPU.ActiveCfg = Release|iPhoneSimulator
		{879104F3-B64D-4B0E-B2D7-EE75C738EB3D}.Release|Any CPU.Build.0 = Release|iPhoneSimulator
		{879104F3-B64D-4B0E-B2D7-EE75C738EB3D}.Release|Any CPU.Deploy.0 = Release|iPhoneSimulator
		{879104F3-B64D-4B0E-B2D7-EE75C738EB3D}.Release|ARM.ActiveCfg = Release|iPhoneSimulator
		{879104F3-B64D-4B0E-B2D7-EE75C738EB3D}.Release|ARM.Build.0 = Release|iPhoneSimulator
		{879104F3-B64D-4B0E-B2D7-EE75C738EB3D}.Release|ARM.Deploy.0 = Release|iPhoneSimulator
		{879104F3-B64D-4B0E-B2D7-EE75C738EB3D}.Release|iPhone.ActiveCfg = Release|iPhone
		{879104F3-B64D-4B0E-B2D7-EE75C738EB3D}.Release|iPhone.Build.0 = Release|iPhone
		{879104F3-B64D-4B0E-B2D7-EE75C738EB3D}.Release|iPhone.Deploy.0 = Release|iPhone
		{879104F3-B64D-4B0E-B2D7-EE75C738EB3D}.Release|iPhoneSimulator.ActiveCfg = Release|iPhoneSimulator
		{879104F3-B64D-4B0E-B2D7-EE75C738EB3D}.Release|iPhoneSimulator.Build.0 = Release|iPhoneSimulator
		{879104F3-B64D-4B0E-B2D7-EE75C738EB3D}.Release|iPhoneSimulator.Deploy.0 = Release|iPhoneSimulator
		{879104F3-B64D-4B0E-B2D7-EE75C738EB3D}.Release|x64.ActiveCfg = Release|iPhoneSimulator
		{879104F3-B64D-4B0E-B2D7-EE75C738EB3D}.Release|x64.Build.0 = Release|iPhoneSimulator
		{879104F3-B64D-4B0E-B2D7-EE75C738EB3D}.Release|x64.Deploy.0 = Release|iPhoneSimulator
		{879104F3-B64D-4B0E-B2D7-EE75C738EB3D}.Release|x86.ActiveCfg = Release|iPhoneSimulator
		{879104F3-B64D-4B0E-B2D7-EE75C738EB3D}.Release|x86.Build.0 = Release|iPhoneSimulator
		{879104F3-B64D-4B0E-B2D7-EE75C738EB3D}.Release|x86.Deploy.0 = Release|iPhoneSimulator
		{21E24634-6B4C-429F-838A-E106063BAC1B}.Debug|Any CPU.ActiveCfg = Debug|Any CPU
		{21E24634-6B4C-429F-838A-E106063BAC1B}.Debug|Any CPU.Build.0 = Debug|Any CPU
		{21E24634-6B4C-429F-838A-E106063BAC1B}.Debug|Any CPU.Deploy.0 = Debug|Any CPU
		{21E24634-6B4C-429F-838A-E106063BAC1B}.Debug|ARM.ActiveCfg = Debug|Any CPU
		{21E24634-6B4C-429F-838A-E106063BAC1B}.Debug|ARM.Build.0 = Debug|Any CPU
		{21E24634-6B4C-429F-838A-E106063BAC1B}.Debug|ARM.Deploy.0 = Debug|Any CPU
		{21E24634-6B4C-429F-838A-E106063BAC1B}.Debug|iPhone.ActiveCfg = Debug|Any CPU
		{21E24634-6B4C-429F-838A-E106063BAC1B}.Debug|iPhone.Build.0 = Debug|Any CPU
		{21E24634-6B4C-429F-838A-E106063BAC1B}.Debug|iPhone.Deploy.0 = Debug|Any CPU
		{21E24634-6B4C-429F-838A-E106063BAC1B}.Debug|iPhoneSimulator.ActiveCfg = Debug|Any CPU
		{21E24634-6B4C-429F-838A-E106063BAC1B}.Debug|iPhoneSimulator.Build.0 = Debug|Any CPU
		{21E24634-6B4C-429F-838A-E106063BAC1B}.Debug|iPhoneSimulator.Deploy.0 = Debug|Any CPU
		{21E24634-6B4C-429F-838A-E106063BAC1B}.Debug|x64.ActiveCfg = Debug|Any CPU
		{21E24634-6B4C-429F-838A-E106063BAC1B}.Debug|x64.Build.0 = Debug|Any CPU
		{21E24634-6B4C-429F-838A-E106063BAC1B}.Debug|x64.Deploy.0 = Debug|Any CPU
		{21E24634-6B4C-429F-838A-E106063BAC1B}.Debug|x86.ActiveCfg = Debug|Any CPU
		{21E24634-6B4C-429F-838A-E106063BAC1B}.Debug|x86.Build.0 = Debug|Any CPU
		{21E24634-6B4C-429F-838A-E106063BAC1B}.Debug|x86.Deploy.0 = Debug|Any CPU
		{21E24634-6B4C-429F-838A-E106063BAC1B}.Release|Any CPU.ActiveCfg = Release|Any CPU
		{21E24634-6B4C-429F-838A-E106063BAC1B}.Release|Any CPU.Build.0 = Release|Any CPU
		{21E24634-6B4C-429F-838A-E106063BAC1B}.Release|Any CPU.Deploy.0 = Release|Any CPU
		{21E24634-6B4C-429F-838A-E106063BAC1B}.Release|ARM.ActiveCfg = Release|Any CPU
		{21E24634-6B4C-429F-838A-E106063BAC1B}.Release|ARM.Build.0 = Release|Any CPU
		{21E24634-6B4C-429F-838A-E106063BAC1B}.Release|ARM.Deploy.0 = Release|Any CPU
		{21E24634-6B4C-429F-838A-E106063BAC1B}.Release|iPhone.ActiveCfg = Release|Any CPU
		{21E24634-6B4C-429F-838A-E106063BAC1B}.Release|iPhone.Build.0 = Release|Any CPU
		{21E24634-6B4C-429F-838A-E106063BAC1B}.Release|iPhone.Deploy.0 = Release|Any CPU
		{21E24634-6B4C-429F-838A-E106063BAC1B}.Release|iPhoneSimulator.ActiveCfg = Release|Any CPU
		{21E24634-6B4C-429F-838A-E106063BAC1B}.Release|iPhoneSimulator.Build.0 = Release|Any CPU
		{21E24634-6B4C-429F-838A-E106063BAC1B}.Release|iPhoneSimulator.Deploy.0 = Release|Any CPU
		{21E24634-6B4C-429F-838A-E106063BAC1B}.Release|x64.ActiveCfg = Release|Any CPU
		{21E24634-6B4C-429F-838A-E106063BAC1B}.Release|x64.Build.0 = Release|Any CPU
		{21E24634-6B4C-429F-838A-E106063BAC1B}.Release|x64.Deploy.0 = Release|Any CPU
		{21E24634-6B4C-429F-838A-E106063BAC1B}.Release|x86.ActiveCfg = Release|Any CPU
		{21E24634-6B4C-429F-838A-E106063BAC1B}.Release|x86.Build.0 = Release|Any CPU
		{21E24634-6B4C-429F-838A-E106063BAC1B}.Release|x86.Deploy.0 = Release|Any CPU
		{E5B1623E-2435-4E83-B6A3-BFDBED040F17}.Debug|Any CPU.ActiveCfg = Debug|Any CPU
		{E5B1623E-2435-4E83-B6A3-BFDBED040F17}.Debug|Any CPU.Build.0 = Debug|Any CPU
		{E5B1623E-2435-4E83-B6A3-BFDBED040F17}.Debug|ARM.ActiveCfg = Debug|Any CPU
		{E5B1623E-2435-4E83-B6A3-BFDBED040F17}.Debug|ARM.Build.0 = Debug|Any CPU
		{E5B1623E-2435-4E83-B6A3-BFDBED040F17}.Debug|iPhone.ActiveCfg = Debug|Any CPU
		{E5B1623E-2435-4E83-B6A3-BFDBED040F17}.Debug|iPhone.Build.0 = Debug|Any CPU
		{E5B1623E-2435-4E83-B6A3-BFDBED040F17}.Debug|iPhoneSimulator.ActiveCfg = Debug|Any CPU
		{E5B1623E-2435-4E83-B6A3-BFDBED040F17}.Debug|iPhoneSimulator.Build.0 = Debug|Any CPU
		{E5B1623E-2435-4E83-B6A3-BFDBED040F17}.Debug|x64.ActiveCfg = Debug|Any CPU
		{E5B1623E-2435-4E83-B6A3-BFDBED040F17}.Debug|x64.Build.0 = Debug|Any CPU
		{E5B1623E-2435-4E83-B6A3-BFDBED040F17}.Debug|x86.ActiveCfg = Debug|Any CPU
		{E5B1623E-2435-4E83-B6A3-BFDBED040F17}.Debug|x86.Build.0 = Debug|Any CPU
		{E5B1623E-2435-4E83-B6A3-BFDBED040F17}.Release|Any CPU.ActiveCfg = Release|Any CPU
		{E5B1623E-2435-4E83-B6A3-BFDBED040F17}.Release|Any CPU.Build.0 = Release|Any CPU
		{E5B1623E-2435-4E83-B6A3-BFDBED040F17}.Release|ARM.ActiveCfg = Release|Any CPU
		{E5B1623E-2435-4E83-B6A3-BFDBED040F17}.Release|ARM.Build.0 = Release|Any CPU
		{E5B1623E-2435-4E83-B6A3-BFDBED040F17}.Release|iPhone.ActiveCfg = Release|Any CPU
		{E5B1623E-2435-4E83-B6A3-BFDBED040F17}.Release|iPhone.Build.0 = Release|Any CPU
		{E5B1623E-2435-4E83-B6A3-BFDBED040F17}.Release|iPhoneSimulator.ActiveCfg = Release|Any CPU
		{E5B1623E-2435-4E83-B6A3-BFDBED040F17}.Release|iPhoneSimulator.Build.0 = Release|Any CPU
		{E5B1623E-2435-4E83-B6A3-BFDBED040F17}.Release|x64.ActiveCfg = Release|Any CPU
		{E5B1623E-2435-4E83-B6A3-BFDBED040F17}.Release|x64.Build.0 = Release|Any CPU
		{E5B1623E-2435-4E83-B6A3-BFDBED040F17}.Release|x86.ActiveCfg = Release|Any CPU
		{E5B1623E-2435-4E83-B6A3-BFDBED040F17}.Release|x86.Build.0 = Release|Any CPU
		{E301049B-C1E9-4E91-8E38-B6259DF047CB}.Debug|Any CPU.ActiveCfg = Debug|Any CPU
		{E301049B-C1E9-4E91-8E38-B6259DF047CB}.Debug|Any CPU.Build.0 = Debug|Any CPU
		{E301049B-C1E9-4E91-8E38-B6259DF047CB}.Debug|ARM.ActiveCfg = Debug|Any CPU
		{E301049B-C1E9-4E91-8E38-B6259DF047CB}.Debug|ARM.Build.0 = Debug|Any CPU
		{E301049B-C1E9-4E91-8E38-B6259DF047CB}.Debug|iPhone.ActiveCfg = Debug|Any CPU
		{E301049B-C1E9-4E91-8E38-B6259DF047CB}.Debug|iPhone.Build.0 = Debug|Any CPU
		{E301049B-C1E9-4E91-8E38-B6259DF047CB}.Debug|iPhoneSimulator.ActiveCfg = Debug|Any CPU
		{E301049B-C1E9-4E91-8E38-B6259DF047CB}.Debug|iPhoneSimulator.Build.0 = Debug|Any CPU
		{E301049B-C1E9-4E91-8E38-B6259DF047CB}.Debug|x64.ActiveCfg = Debug|Any CPU
		{E301049B-C1E9-4E91-8E38-B6259DF047CB}.Debug|x64.Build.0 = Debug|Any CPU
		{E301049B-C1E9-4E91-8E38-B6259DF047CB}.Debug|x86.ActiveCfg = Debug|Any CPU
		{E301049B-C1E9-4E91-8E38-B6259DF047CB}.Debug|x86.Build.0 = Debug|Any CPU
		{E301049B-C1E9-4E91-8E38-B6259DF047CB}.Release|Any CPU.ActiveCfg = Release|Any CPU
		{E301049B-C1E9-4E91-8E38-B6259DF047CB}.Release|Any CPU.Build.0 = Release|Any CPU
		{E301049B-C1E9-4E91-8E38-B6259DF047CB}.Release|ARM.ActiveCfg = Release|Any CPU
		{E301049B-C1E9-4E91-8E38-B6259DF047CB}.Release|ARM.Build.0 = Release|Any CPU
		{E301049B-C1E9-4E91-8E38-B6259DF047CB}.Release|iPhone.ActiveCfg = Release|Any CPU
		{E301049B-C1E9-4E91-8E38-B6259DF047CB}.Release|iPhone.Build.0 = Release|Any CPU
		{E301049B-C1E9-4E91-8E38-B6259DF047CB}.Release|iPhoneSimulator.ActiveCfg = Release|Any CPU
		{E301049B-C1E9-4E91-8E38-B6259DF047CB}.Release|iPhoneSimulator.Build.0 = Release|Any CPU
		{E301049B-C1E9-4E91-8E38-B6259DF047CB}.Release|x64.ActiveCfg = Release|Any CPU
		{E301049B-C1E9-4E91-8E38-B6259DF047CB}.Release|x64.Build.0 = Release|Any CPU
		{E301049B-C1E9-4E91-8E38-B6259DF047CB}.Release|x86.ActiveCfg = Release|Any CPU
		{E301049B-C1E9-4E91-8E38-B6259DF047CB}.Release|x86.Build.0 = Release|Any CPU
		{0EC7C5B1-E2F7-48CF-BCEA-C1EAF4029C4F}.Debug|Any CPU.ActiveCfg = Debug|Any CPU
		{0EC7C5B1-E2F7-48CF-BCEA-C1EAF4029C4F}.Debug|Any CPU.Build.0 = Debug|Any CPU
		{0EC7C5B1-E2F7-48CF-BCEA-C1EAF4029C4F}.Debug|ARM.ActiveCfg = Debug|Any CPU
		{0EC7C5B1-E2F7-48CF-BCEA-C1EAF4029C4F}.Debug|ARM.Build.0 = Debug|Any CPU
		{0EC7C5B1-E2F7-48CF-BCEA-C1EAF4029C4F}.Debug|iPhone.ActiveCfg = Debug|Any CPU
		{0EC7C5B1-E2F7-48CF-BCEA-C1EAF4029C4F}.Debug|iPhone.Build.0 = Debug|Any CPU
		{0EC7C5B1-E2F7-48CF-BCEA-C1EAF4029C4F}.Debug|iPhoneSimulator.ActiveCfg = Debug|Any CPU
		{0EC7C5B1-E2F7-48CF-BCEA-C1EAF4029C4F}.Debug|iPhoneSimulator.Build.0 = Debug|Any CPU
		{0EC7C5B1-E2F7-48CF-BCEA-C1EAF4029C4F}.Debug|x64.ActiveCfg = Debug|Any CPU
		{0EC7C5B1-E2F7-48CF-BCEA-C1EAF4029C4F}.Debug|x64.Build.0 = Debug|Any CPU
		{0EC7C5B1-E2F7-48CF-BCEA-C1EAF4029C4F}.Debug|x86.ActiveCfg = Debug|Any CPU
		{0EC7C5B1-E2F7-48CF-BCEA-C1EAF4029C4F}.Debug|x86.Build.0 = Debug|Any CPU
		{0EC7C5B1-E2F7-48CF-BCEA-C1EAF4029C4F}.Release|Any CPU.ActiveCfg = Release|Any CPU
		{0EC7C5B1-E2F7-48CF-BCEA-C1EAF4029C4F}.Release|Any CPU.Build.0 = Release|Any CPU
		{0EC7C5B1-E2F7-48CF-BCEA-C1EAF4029C4F}.Release|ARM.ActiveCfg = Release|Any CPU
		{0EC7C5B1-E2F7-48CF-BCEA-C1EAF4029C4F}.Release|ARM.Build.0 = Release|Any CPU
		{0EC7C5B1-E2F7-48CF-BCEA-C1EAF4029C4F}.Release|iPhone.ActiveCfg = Release|Any CPU
		{0EC7C5B1-E2F7-48CF-BCEA-C1EAF4029C4F}.Release|iPhone.Build.0 = Release|Any CPU
		{0EC7C5B1-E2F7-48CF-BCEA-C1EAF4029C4F}.Release|iPhoneSimulator.ActiveCfg = Release|Any CPU
		{0EC7C5B1-E2F7-48CF-BCEA-C1EAF4029C4F}.Release|iPhoneSimulator.Build.0 = Release|Any CPU
		{0EC7C5B1-E2F7-48CF-BCEA-C1EAF4029C4F}.Release|x64.ActiveCfg = Release|Any CPU
		{0EC7C5B1-E2F7-48CF-BCEA-C1EAF4029C4F}.Release|x64.Build.0 = Release|Any CPU
		{0EC7C5B1-E2F7-48CF-BCEA-C1EAF4029C4F}.Release|x86.ActiveCfg = Release|Any CPU
		{0EC7C5B1-E2F7-48CF-BCEA-C1EAF4029C4F}.Release|x86.Build.0 = Release|Any CPU
	EndGlobalSection
	GlobalSection(SolutionProperties) = preSolution
		HideSolutionNode = FALSE
	EndGlobalSection
	GlobalSection(NestedProjects) = preSolution
		{DF309D96-8628-406A-B165-D9CB1AE69ADE} = {4F18DB31-5434-46BD-8697-8FA4224DBEBA}
		{BBF24D39-463C-4694-978E-716A481FF8BA} = {4F18DB31-5434-46BD-8697-8FA4224DBEBA}
		{879104F3-B64D-4B0E-B2D7-EE75C738EB3D} = {4F18DB31-5434-46BD-8697-8FA4224DBEBA}
		{21E24634-6B4C-429F-838A-E106063BAC1B} = {4F18DB31-5434-46BD-8697-8FA4224DBEBA}
	EndGlobalSection
	GlobalSection(ExtensibilityGlobals) = postSolution
		SolutionGuid = {1DA4E7FE-2AA9-44DA-BDA5-74CA80E2E6D7}
	EndGlobalSection
EndGlobal
